
Microsoft Visual Studio Solution File, Format Version 12.00
# Visual Studio Version 16
VisualStudioVersion = 16.0.32002.261
MinimumVisualStudioVersion = 10.0.40219.1
Project("{FAE04EC0-301F-11D3-BF4B-00C04F79EFBC}") = "CompanyHomework", "CompanyHomework.csproj", "{29505951-E117-4530-BEF3-F73648180253}"
EndProject
Global
	GlobalSection(SolutionConfigurationPlatforms) = preSolution
		Debug|Any CPU = Debug|Any CPU
		Release|Any CPU = Release|Any CPU
	EndGlobalSection
	GlobalSection(ProjectConfigurationPlatforms) = postSolution
		{29505951-E117-4530-BEF3-F73648180253}.Debug|Any CPU.ActiveCfg = Debug|Any CPU
		{29505951-E117-4530-BEF3-F73648180253}.Debug|Any CPU.Build.0 = Debug|Any CPU
		{29505951-E117-4530-BEF3-F73648180253}.Release|Any CPU.ActiveCfg = Release|Any CPU
		{29505951-E117-4530-BEF3-F73648180253}.Release|Any CPU.Build.0 = Release|Any CPU
	EndGlobalSection
	GlobalSection(SolutionProperties) = preSolution
		HideSolutionNode = FALSE
	EndGlobalSection
	GlobalSection(ExtensibilityGlobals) = postSolution
		SolutionGuid = {2F2AFFC9-80B4-469E-809D-A4B26780158E}
	EndGlobalSection
EndGlobal
